
Microsoft Visual Studio Solution File, Format Version 12.00
# Visual Studio Version 17
VisualStudioVersion = 17.1.32210.238
MinimumVisualStudioVersion = 10.0.40219.1
Project("{FAE04EC0-301F-11D3-BF4B-00C04F79EFBC}") = "CalculadoraDePa", "CalculadoraDePa\CalculadoraDePa.csproj", "{2E096585-C4BB-4AE1-82E7-93E429191C03}"
EndProject
Global
	GlobalSection(SolutionConfigurationPlatforms) = preSolution
		Debug|Any CPU = Debug|Any CPU
		Release|Any CPU = Release|Any CPU
	EndGlobalSection
	GlobalSection(ProjectConfigurationPlatforms) = postSolution
		{2E096585-C4BB-4AE1-82E7-93E429191C03}.Debug|Any CPU.ActiveCfg = Debug|Any CPU
		{2E096585-C4BB-4AE1-82E7-93E429191C03}.Debug|Any CPU.Build.0 = Debug|Any CPU
		{2E096585-C4BB-4AE1-82E7-93E429191C03}.Release|Any CPU.ActiveCfg = Release|Any CPU
		{2E096585-C4BB-4AE1-82E7-93E429191C03}.Release|Any CPU.Build.0 = Release|Any CPU
	EndGlobalSection
	GlobalSection(SolutionProperties) = preSolution
		HideSolutionNode = FALSE
	EndGlobalSection
	GlobalSection(ExtensibilityGlobals) = postSolution
		SolutionGuid = {970FC571-5B63-4687-A42D-83AFDC6DAD66}
	EndGlobalSection
EndGlobal
